
Microsoft Visual Studio Solution File, Format Version 12.00
# Visual Studio 15
VisualStudioVersion = 15.0.27703.2042
MinimumVisualStudioVersion = 10.0.40219.1
Project("{9A19103F-16F7-4668-BE54-9A1E7A4F7556}") = "GidTelegramBot", "DigTelegramBot\GidTelegramBot.csproj", "{DB6B8DBB-B0E2-4B04-8313-6E8F39FBB27E}"
EndProject
Global
	GlobalSection(SolutionConfigurationPlatforms) = preSolution
		Debug|Any CPU = Debug|Any CPU
		Release|Any CPU = Release|Any CPU
	EndGlobalSection
	GlobalSection(ProjectConfigurationPlatforms) = postSolution
		{DB6B8DBB-B0E2-4B04-8313-6E8F39FBB27E}.Debug|Any CPU.ActiveCfg = Debug|Any CPU
		{DB6B8DBB-B0E2-4B04-8313-6E8F39FBB27E}.Debug|Any CPU.Build.0 = Debug|Any CPU
		{DB6B8DBB-B0E2-4B04-8313-6E8F39FBB27E}.Release|Any CPU.ActiveCfg = Release|Any CPU
		{DB6B8DBB-B0E2-4B04-8313-6E8F39FBB27E}.Release|Any CPU.Build.0 = Release|Any CPU
	EndGlobalSection
	GlobalSection(SolutionProperties) = preSolution
		HideSolutionNode = FALSE
	EndGlobalSection
	GlobalSection(ExtensibilityGlobals) = postSolution
		SolutionGuid = {CF8B32A0-C882-48A8-9CAA-0489A225C5F3}
	EndGlobalSection
EndGlobal
